{
    "_readme": [
        "This file locks the dependencies of your project to a known state",
        "Read more about it at https://getcomposer.org/doc/01-basic-usage.md#composer-lock-the-lock-file",
        "This file is @generated automatically"
    ],
    "hash": "886c4df76c5b748dfb0bc75f1930887b",
    "content-hash": "0f7a9f3d7642c3a48c1f2703cf1f91fe",
    "packages": [],
    "packages-dev": [],
    "aliases": [],
    "minimum-stability": "stable",
    "stability-flags": [],
    "prefer-stable": false,
    "prefer-lowest": false,
    "platform": {
        "php": "^7.0.27",
        "ext-gmp": "*"
    },
    "platform-dev": []
}
